{"1.2.0",
[{<<"cbt">>,
  {git,"https://github.com/benoitc/cbt.git",
       {ref,"3b3754c593ded5cac845cca9b9db7f34f05e881d"}},
  1},
 {<<"cowboy">>,{pkg,<<"cowboy">>,<<"2.1.0">>},0},
 {<<"cowdb">>,
  {git,"https://github.com/refuge/cowdb.git",
       {ref,"40d72119a59407c7dddc140443b518a90338e347"}},
  0},
 {<<"cowlib">>,{pkg,<<"cowlib">>,<<"2.0.1">>},1},
 {<<"db_merkle_trees">>,
  {git,"https://github.com/cleverfox/db_merkle_trees.git",
       {ref,"f9d691507ab4f999ab19ac1b228d0041e394aedf"}},
  0},
 {<<"eevm">>,
  {git,"git@github.com:thepower/eevm.git",
       {ref,"467ec9ecbe6f19580090c0e82542ebb9014c9ee3"}},
  0},
 {<<"fs">>,{pkg,<<"fs">>,<<"6.1.1">>},2},
 {<<"gb_merkle_trees">>,
  {git,"https://github.com/KrzysiekJ/gb_merkle_trees.git",
       {ref,"8ca2b71bcd87777eb10f25119a393ba7b4b3c219"}},
  0},
 {<<"goldrush">>,{pkg,<<"goldrush">>,<<"0.1.9">>},1},
 {<<"gun">>,{pkg,<<"gun">>,<<"1.0.0-pre.4b">>},0},
 {<<"hex2bin">>,{pkg,<<"hex2bin">>,<<"1.0.0">>},2},
 {<<"jsx">>,
  {git,"https://github.com/cleverfox/jsx.git",
       {ref,"362f0b4aa9d982a33dcb3e7d8ced80ec755b64a1"}},
  0},
 {<<"ksha3">>,
  {git,"https://github.com/onyxrev/ksha3",
       {ref,"42d593cfe7bdd8eba70caded507dd91c4546a36d"}},
  1},
 {<<"lager">>,{pkg,<<"lager">>,<<"3.8.0">>},0},
 {<<"meck">>,
  {git,"git://github.com/eproxus/meck.git",
       {ref,"febf4a8007e92015833ebda5a0373c81b192e7b1"}},
  0},
 {<<"mkmap">>,
  {git,"https://github.com/cleverfox/mkmap.git",
       {ref,"ba4fd6e424fe0cd64216989d8e16f2d3f8253363"}},
  0},
 {<<"msgpack">>,
  {git,"https://github.com/cleverfox/msgpack-erlang",
       {ref,"a0f026c803a66da925ae3cbb3198a1c5ca83162a"}},
  0},
 {<<"ranch">>,{pkg,<<"ranch">>,<<"1.4.0">>},1},
 {<<"rocksdb">>,{pkg,<<"rocksdb">>,<<"1.5.1">>},1},
 {<<"rockstable">>,
  {git,"https://github.com/cleverfox/rockstable",
       {ref,"3913e9ad2ca1a1540bd7b656a2ef6bd7c4422ef5"}},
  0},
 {<<"sext">>,{pkg,<<"sext">>,<<"1.4.1">>},1},
 {<<"sync">>,
  {git,"https://github.com/rustyio/sync.git",
       {ref,"ba627f60704cc291a5c2940d1c79ff24a3249a0c"}},
  1},
 {<<"tables">>,
  {git,"https://github.com/cleverfox/tables",
       {ref,"a51d59950327bf4636bf4712c06fd45c9dc858f5"}},
  0},
 {<<"tiny_pq">>,
  {git,"https://github.com/ChicagoBoss/tiny_pq.git",
       {ref,"276342c938ee9e71f69b135a8744eba5bbc506cd"}},
  1},
 {<<"tinymq">>,
  {git,"https://github.com/ChicagoBoss/tinymq",
       {ref,"0e47ab2ffb90d41885258e8940c3c8de9ba40637"}},
  0},
 {<<"tpapi">>,
  {git,"https://github.com/thepower/tpapi",
       {ref,"1abfb2f783d84f50ca52daf1a28798c2ba7f0a75"}},
  0},
 {<<"tpecdsa">>,
  {git,"https://github.com/thepower/tpecdsa",
       {ref,"1a6823399a5282a762184f2dafe1a884771da337"}},
  0},
 {<<"wanode">>,
  {git,"git@github.com:thepower/wanode.git",
       {ref,"00148f33e46f85ace864628c707070eb1767e204"}},
  0}]}.
[
{pkg_hash,[
 {<<"cowboy">>, <<"69F9DB3B23C24AB6B3A169A6357130C16B39CDA1A1F8C582F818883EE552589D">>},
 {<<"cowlib">>, <<"4DFFFB1DB296EAB9F2E8B95EE3017007F674BC920CE30AEB5A53BBDA82FC38C0">>},
 {<<"fs">>, <<"9D147B944D60CFA48A349F12D06C8EE71128F610C90870BDF9A6773206452ED0">>},
 {<<"goldrush">>, <<"F06E5D5F1277DA5C413E84D5A2924174182FB108DABB39D5EC548B27424CD106">>},
 {<<"gun">>, <<"DD53B9FD3D597CFA7974D6AD85128AC7E16A408D6DC8C392A532AA36EB032A5D">>},
 {<<"hex2bin">>, <<"AAC26EAB998AE80EACEE1C7607C629AB503EBF77A62B9242BAE2B94D47DCB71E">>},
 {<<"lager">>, <<"3402B9A7E473680CA179FC2F1D827CAB88DD37DD1E6113090C6F45EF05228A1C">>},
 {<<"ranch">>, <<"10272F95DA79340FA7E8774BA7930B901713D272905D0012B06CA6D994F8826B">>},
 {<<"rocksdb">>, <<"016861FBFB1F76EC2C48F745FCA1F6E140FC0F27ADC8C389C4CABCE4A79B5F2F">>},
 {<<"sext">>, <<"14559B219FAF11F9EBA7A350DFFC69C966C668439C54947A42D67167002798C4">>}]},
{pkg_hash_ext,[
 {<<"cowboy">>, <<"F99FD9ED8EC5A1F715DC36EA836832FCF59EA1DF8A14098436ACB8722619BB99">>},
 {<<"cowlib">>, <<"0D74161B7F5C0FFAF390C5F59D2267A504A095F275C722E221716472C80CAAEA">>},
 {<<"fs">>, <<"EF94E95FFE79916860649FED80AC62B04C322B0BB70F5128144C026B4D171F8B">>},
 {<<"goldrush">>, <<"99CB4128CFFCB3227581E5D4D803D5413FA643F4EB96523F77D9E6937D994CEB">>},
 {<<"gun">>, <<"60E08CCE52C8252C5E2DC285194AC2788B44C92267243AB1055D59FD9709F382">>},
 {<<"hex2bin">>, <<"E7012D1D9AADD26E680F0983D26FB8923707F05FAC9688F19F530FA3795E716F">>},
 {<<"lager">>, <<"F6CB541B688EAB60730D8D286EB77256A5A9AD06EAC10D43BEAF55D07E68BBB6">>},
 {<<"ranch">>, <<"53AD9C80918EA2B6D11E0C225D4396473C288D02C44C9CA5EB0AA2E1C85FECBA">>},
 {<<"rocksdb">>, <<"63DB7DFD65082D61DF92810F61BD934080C77BC57EB711B36BB56A8926BDF3B0">>},
 {<<"sext">>, <<"D5BF1C63FD006137D8320F59CB1AF3B1B10B52940E67707CBBA6AB4BDB1A30D1">>}]}
].
