{"1.2.0",
[{<<"base64url">>,
  {git,"https://github.com/dvv/base64url.git",
       {ref,"bf1360685da704c8453aba2268c4698c959d2ba4"}},
  0},
 {<<"cbt">>,
  {git,"https://github.com/benoitc/cbt.git",
       {ref,"3b3754c593ded5cac845cca9b9db7f34f05e881d"}},
  1},
 {<<"certifi">>,
  {git,"https://github.com/certifi/erlang-certifi.git",
       {ref,"da653d2b14e9daf0dde493acbf622b0d3cedc8c3"}},
  0},
 {<<"cowboy">>,{pkg,<<"cowboy">>,<<"2.9.0">>},0},
 {<<"cowdb">>,
  {git,"https://github.com/refuge/cowdb.git",
       {ref,"40d72119a59407c7dddc140443b518a90338e347"}},
  0},
 {<<"cowlib">>,{pkg,<<"cowlib">>,<<"2.11.0">>},1},
 {<<"db_merkle_trees">>,
  {git,"https://github.com/cleverfox/db_merkle_trees.git",
       {ref,"f9d691507ab4f999ab19ac1b228d0041e394aedf"}},
  0},
 {<<"eevm">>,
  {git,"https://github.com/thepower/eevm.git",
       {ref,"eaa04123d42bb4675676f8052874ada75fa37a2b"}},
  0},
 {<<"eqwalizer_support">>,
  {git_subdir,"https://github.com/whatsapp/eqwalizer.git",
              {ref,"ccc271ef81a547b535634b5c0c26ba03d21ca4f3"},
              "eqwalizer_support"},
  0},
 {<<"gb_merkle_trees">>,
  {git,"https://github.com/KrzysiekJ/gb_merkle_trees.git",
       {ref,"8ca2b71bcd87777eb10f25119a393ba7b4b3c219"}},
  0},
 {<<"gun">>,{pkg,<<"gun">>,<<"1.3.3">>},0},
 {<<"hex2bin">>,{pkg,<<"hex2bin">>,<<"1.0.0">>},2},
 {<<"jsonrpc2">>,
  {git,"https://github.com/zuiderkwast/jsonrpc2-erlang.git",
       {ref,"be47c447aba6b94f52fcc46e544664dbbc6cede0"}},
  0},
 {<<"jsx">>,
  {git,"https://github.com/cleverfox/jsx.git",
       {ref,"362f0b4aa9d982a33dcb3e7d8ced80ec755b64a1"}},
  0},
 {<<"ksha3">>,
  {git,"https://github.com/onyxrev/ksha3",
       {ref,"42d593cfe7bdd8eba70caded507dd91c4546a36d"}},
  1},
 {<<"meck">>,
  {git,"https://github.com/eproxus/meck.git",
       {ref,"febf4a8007e92015833ebda5a0373c81b192e7b1"}},
  0},
 {<<"mkmap">>,
  {git,"https://github.com/cleverfox/mkmap.git",
       {ref,"ba4fd6e424fe0cd64216989d8e16f2d3f8253363"}},
  0},
 {<<"msgpack">>,
  {git,"https://github.com/cleverfox/msgpack-erlang",
       {ref,"40e758e9a1c6b538ca4ca0522a711ce4380b6860"}},
  0},
 {<<"ranch">>,{pkg,<<"ranch">>,<<"1.8.0">>},1},
 {<<"rocksdb">>,{pkg,<<"rocksdb">>,<<"1.7.0">>},1},
 {<<"rockstable">>,
  {git,"https://github.com/cleverfox/rockstable",
       {ref,"1bc1e646d458d05a45f990befbacc00cf50d94ed"}},
  0},
 {<<"sext">>,{pkg,<<"sext">>,<<"1.4.1">>},1},
 {<<"stout">>,
  {git,"https://github.com/cleverfox/stout.git",
       {ref,"1c8c1c2321771e9307511f510e00951919f514c9"}},
  0},
 {<<"tables">>,
  {git,"https://github.com/cleverfox/tables",
       {ref,"a51d59950327bf4636bf4712c06fd45c9dc858f5"}},
  0},
 {<<"tiny_pq">>,
  {git,"https://github.com/ChicagoBoss/tiny_pq.git",
       {ref,"276342c938ee9e71f69b135a8744eba5bbc506cd"}},
  1},
 {<<"tinymq">>,
  {git,"https://github.com/ChicagoBoss/tinymq",
       {ref,"0e47ab2ffb90d41885258e8940c3c8de9ba40637"}},
  0},
 {<<"tpapi">>,
  {git,"https://github.com/thepower/tpapi",
       {ref,"dd9d471ec63d68e3339aa622ec747ce64daa781e"}},
  0},
 {<<"tpecdsa">>,
  {git,"https://github.com/thepower/tpecdsa",
       {ref,"1a6823399a5282a762184f2dafe1a884771da337"}},
  0},
 {<<"wanode">>,
  {git,"https://github.com/thepower/wanode.git",
       {ref,"4708a36505b5ba63e84780aa4dfba80e0a03b5b5"}},
  0}]}.
[
{pkg_hash,[
 {<<"cowboy">>, <<"865DD8B6607E14CF03282E10E934023A1BD8BE6F6BACF921A7E2A96D800CD452">>},
 {<<"cowlib">>, <<"0B9FF9C346629256C42EBE1EEB769A83C6CB771A6EE5960BD110AB0B9B872063">>},
 {<<"gun">>, <<"CF8B51BEB36C22B9C8DF1921E3F2BC4D2B1F68B49AD4FBC64E91875AA14E16B4">>},
 {<<"hex2bin">>, <<"AAC26EAB998AE80EACEE1C7607C629AB503EBF77A62B9242BAE2B94D47DCB71E">>},
 {<<"ranch">>, <<"8C7A100A139FD57F17327B6413E4167AC559FBC04CA7448E9BE9057311597A1D">>},
 {<<"rocksdb">>, <<"5D23319998A7FCE5FFD5D7824116C905CABA7F91BAF8EDDABD0180F1BB272CEF">>},
 {<<"sext">>, <<"14559B219FAF11F9EBA7A350DFFC69C966C668439C54947A42D67167002798C4">>}]},
{pkg_hash_ext,[
 {<<"cowboy">>, <<"2C729F934B4E1AA149AFF882F57C6372C15399A20D54F65C8D67BEF583021BDE">>},
 {<<"cowlib">>, <<"2B3E9DA0B21C4565751A6D4901C20D1B4CC25CBB7FD50D91D2AB6DD287BC86A9">>},
 {<<"gun">>, <<"3106CE167F9C9723F849E4FB54EA4A4D814E3996AE243A1C828B256E749041E0">>},
 {<<"hex2bin">>, <<"E7012D1D9AADD26E680F0983D26FB8923707F05FAC9688F19F530FA3795E716F">>},
 {<<"ranch">>, <<"49FBCFD3682FAB1F5D109351B61257676DA1A2FDBE295904176D5E521A2DDFE5">>},
 {<<"rocksdb">>, <<"A4BDC5DD80ED137161549713062131E8240523787EBE7B51DF61CFB48B1786CE">>},
 {<<"sext">>, <<"D5BF1C63FD006137D8320F59CB1AF3B1B10B52940E67707CBBA6AB4BDB1A30D1">>}]}
].
