{"1.1.0",
[{<<"cbt">>,
  {git,"https://github.com/benoitc/cbt.git",
       {ref,"3b3754c593ded5cac845cca9b9db7f34f05e881d"}},
  1},
 {<<"color">>,{pkg,<<"erlang_color">>,<<"1.0.0">>},1},
 {<<"cowboy">>,{pkg,<<"cowboy">>,<<"2.1.0">>},0},
 {<<"cowdb">>,
  {git,"https://github.com/refuge/cowdb.git",
       {ref,"40d72119a59407c7dddc140443b518a90338e347"}},
  0},
 {<<"cowlib">>,{pkg,<<"cowlib">>,<<"2.0.1">>},1},
 {<<"elli">>,{pkg,<<"elli">>,<<"1.0.5">>},1},
 {<<"gb_merkle_trees">>,
  {git,"https://github.com/KrzysiekJ/gb_merkle_trees.git",
       {ref,"8ca2b71bcd87777eb10f25119a393ba7b4b3c219"}},
  0},
 {<<"getopt">>,{pkg,<<"getopt">>,<<"0.8.2">>},1},
 {<<"goldrush">>,{pkg,<<"goldrush">>,<<"0.1.9">>},1},
 {<<"gun">>,{pkg,<<"gun">>,<<"1.0.0-pre.4b">>},0},
 {<<"jiffy">>,{pkg,<<"jiffy">>,<<"0.14.7">>},1},
 {<<"lager">>,{pkg,<<"lager">>,<<"3.5.2">>},0},
 {<<"letsencrypt">>,
  {git,"https://github.com/gbour/letsencrypt-erlang.git",
       {ref,"89e18a0fe8940705f1235e75a059624f028fab8f"}},
  0},
 {<<"mkmap">>,
  {git,"https://github.com/cleverfox/mkmap.git",
       {ref,"ba4fd6e424fe0cd64216989d8e16f2d3f8253363"}},
  0},
 {<<"ranch">>,{pkg,<<"ranch">>,<<"1.4.0">>},1},
 {<<"rocksdb">>,{pkg,<<"rocksdb">>,<<"0.12.0">>},0},
 {<<"shotgun">>,{pkg,<<"shotgun">>,<<"0.3.0">>},1},
 {<<"sync">>,
  {git,"https://github.com/rustyio/sync.git",
       {ref,"44a1e0d0c3eab0544010bc973ee46b1f6d602ccf"}},
  0},
 {<<"tables">>,
  {git,"https://github.com/cleverfox/tables",
       {ref,"a51d59950327bf4636bf4712c06fd45c9dc858f5"}},
  0},
 {<<"tiny_pq">>,
  {git,"https://github.com/ChicagoBoss/tiny_pq.git",
       {ref,"276342c938ee9e71f69b135a8744eba5bbc506cd"}},
  1},
 {<<"tinymq">>,
  {git,"https://github.com/ChicagoBoss/tinymq",
       {ref,"0e47ab2ffb90d41885258e8940c3c8de9ba40637"}},
  0},
 {<<"tpecdsa">>,
  {git,"ssh://git@git.wtf-rg.com:15616/thepower/tpecdsa.git",
       {ref,"1a6823399a5282a762184f2dafe1a884771da337"}},
  0},
 {<<"tpic">>,
  {git,"ssh://git@git.wtf-rg.com:15616/thepower/tpic.git",
       {ref,"2fbf23b089f7dc83ad1662673eb40ba251f525d0"}},
  0},
 {<<"yamerl">>,{pkg,<<"yamerl">>,<<"0.4.0">>},1}]}.
[
{pkg_hash,[
 {<<"color">>, <<"145FE1D2E65C4516E4F03FEFCA6C2F47EBAD5899D978D70382A5CFE643E4AC9E">>},
 {<<"cowboy">>, <<"69F9DB3B23C24AB6B3A169A6357130C16B39CDA1A1F8C582F818883EE552589D">>},
 {<<"cowlib">>, <<"4DFFFB1DB296EAB9F2E8B95EE3017007F674BC920CE30AEB5A53BBDA82FC38C0">>},
 {<<"elli">>, <<"F0CB602511A772CC42D3556B86C1AFF4AF5D2844E89E5F6D08D57F276A7DB054">>},
 {<<"getopt">>, <<"B17556DB683000BA50370B16C0619DF1337E7AF7ECBF7D64FBF8D1D6BCE3109B">>},
 {<<"goldrush">>, <<"F06E5D5F1277DA5C413E84D5A2924174182FB108DABB39D5EC548B27424CD106">>},
 {<<"gun">>, <<"DD53B9FD3D597CFA7974D6AD85128AC7E16A408D6DC8C392A532AA36EB032A5D">>},
 {<<"jiffy">>, <<"9F33B893EDD6041CEAE03BC1E50B412E858CC80B46F3D7535A7A9940A79A1C37">>},
 {<<"lager">>, <<"614A8C8F67BF99B69EB264EA22121AD25511C055AAEC09B086773D5108C6767F">>},
 {<<"ranch">>, <<"10272F95DA79340FA7E8774BA7930B901713D272905D0012B06CA6D994F8826B">>},
 {<<"rocksdb">>, <<"CD59EE3B6CB33D0AF8C17126AD055420AD2A625C5AE50913619D4FA1ADD85D54">>},
 {<<"shotgun">>, <<"54EA3C243B65A935A3491A079A573C9D119A5EAF28BC2673893F8EEF66FDC053">>},
 {<<"yamerl">>, <<"AE215B1242810A9BC07716B88062F1BFE06F6BC7CF68372091F630BAA536DF79">>}]}
].
